{
  "name": "decodex",
  "version": "0.0.0",
  "lockfileVersion": 3,
  "requires": true,
  "packages": {
    "": {
      "name": "decodex",
      "version": "0.0.0",
      "hasInstallScript": true,
      "license": "UNLICENSED",
      "dependencies": {
        "autoskills": "^0.3.6"
      }
    },
    "node_modules/autoskills": {
      "version": "0.3.6",
      "resolved": "https://registry.npmjs.org/autoskills/-/autoskills-0.3.6.tgz",
      "integrity": "sha512-yNcj7Y/USPyJINxCWDaVVu17UaFokWgGtpX57PQUOA4i3s3vIDezaGZ/64KyMGb5CsLTvMb/L8WOX6R/ozhWIg==",
      "license": "CC-BY-NC-4.0",
      "bin": {
        "autoskills": "index.mjs"
      },
      "engines": {
        "node": ">=22.6.0"
      }
    }
  }
}
